
Microsoft Visual Studio Solution File, Format Version 12.00
# Visual Studio Version 17
VisualStudioVersion = 17.3.32825.248
MinimumVisualStudioVersion = 10.0.40219.1
Project("{9A19103F-16F7-4668-BE54-9A1E7A4F7556}") = "Pyatnashki", "Pyatnashki\Pyatnashki.csproj", "{9D8434C1-AFDB-47D4-AA2B-4F6BF30E8ABF}"
EndProject
Project("{9A19103F-16F7-4668-BE54-9A1E7A4F7556}") = "Pyatnashki_Test", "Pyatnashki_Test\Pyatnashki_Test.csproj", "{A62AB778-7865-48C4-8C51-1C73B28C592A}"
EndProject
Global
	GlobalSection(SolutionConfigurationPlatforms) = preSolution
		Debug|Any CPU = Debug|Any CPU
		Release|Any CPU = Release|Any CPU
	EndGlobalSection
	GlobalSection(ProjectConfigurationPlatforms) = postSolution
		{9D8434C1-AFDB-47D4-AA2B-4F6BF30E8ABF}.Debug|Any CPU.ActiveCfg = Release|Any CPU
		{9D8434C1-AFDB-47D4-AA2B-4F6BF30E8ABF}.Debug|Any CPU.Build.0 = Release|Any CPU
		{9D8434C1-AFDB-47D4-AA2B-4F6BF30E8ABF}.Release|Any CPU.ActiveCfg = Release|Any CPU
		{9D8434C1-AFDB-47D4-AA2B-4F6BF30E8ABF}.Release|Any CPU.Build.0 = Release|Any CPU
		{A62AB778-7865-48C4-8C51-1C73B28C592A}.Debug|Any CPU.ActiveCfg = Debug|Any CPU
		{A62AB778-7865-48C4-8C51-1C73B28C592A}.Debug|Any CPU.Build.0 = Debug|Any CPU
		{A62AB778-7865-48C4-8C51-1C73B28C592A}.Release|Any CPU.ActiveCfg = Release|Any CPU
		{A62AB778-7865-48C4-8C51-1C73B28C592A}.Release|Any CPU.Build.0 = Release|Any CPU
	EndGlobalSection
	GlobalSection(SolutionProperties) = preSolution
		HideSolutionNode = FALSE
	EndGlobalSection
	GlobalSection(ExtensibilityGlobals) = postSolution
		SolutionGuid = {881364EF-6937-400A-91AF-65857CF5D0AF}
	EndGlobalSection
EndGlobal
